
Microsoft Visual Studio Solution File, Format Version 12.00
# Visual Studio Version 17
VisualStudioVersion = 17.0.31903.59
MinimumVisualStudioVersion = 10.0.40219.1
Project("{2150E333-8FDC-42A3-9474-1A3956D46DE8}") = "src", "src", "{5A6A6077-B308-4178-B68C-71FCE14D9EC2}"
EndProject
Project("{2150E333-8FDC-42A3-9474-1A3956D46DE8}") = "Services", "Services", "{9C5B5F42-692A-4901-8660-9A7B423A1C2B}"
EndProject
Project("{2150E333-8FDC-42A3-9474-1A3956D46DE8}") = "ProductService", "ProductService", "{09768FE6-97D2-4332-849C-D78B9F5B8ACB}"
EndProject
Project("{9A19103F-16F7-4668-BE54-9A1E7A4F7556}") = "ProductService.Domain", "src\Services\ProductService\ProductService.Domain\ProductService.Domain.csproj", "{F1939AA2-77D0-483D-AEC4-123E31089659}"
EndProject
Project("{9A19103F-16F7-4668-BE54-9A1E7A4F7556}") = "ProductService.Application", "src\Services\ProductService\ProductService.Application\ProductService.Application.csproj", "{3DD01F02-757C-46E0-AABF-A47778F885E4}"
EndProject
Project("{9A19103F-16F7-4668-BE54-9A1E7A4F7556}") = "ProductService.Infrastructure", "src\Services\ProductService\ProductService.Infrastructure\ProductService.Infrastructure.csproj", "{8D9AEAFB-677C-4E20-AAAD-4E12A68C1F4C}"
EndProject
Project("{9A19103F-16F7-4668-BE54-9A1E7A4F7556}") = "Ethik.Utility.Data", "..\..\Ethik.Utility\Src\Ethik.Utility.Data\Ethik.Utility.Data.csproj", "{45EB9A1C-22DC-4457-B8EF-EC71F8D94CF7}"
EndProject
Project("{9A19103F-16F7-4668-BE54-9A1E7A4F7556}") = "ProductService.Api", "src\Services\ProductService\ProductService.Api\ProductService.Api.csproj", "{5A622BF3-74F4-4AC0-98A4-34F86980D31B}"
EndProject
Project("{9A19103F-16F7-4668-BE54-9A1E7A4F7556}") = "Ethik.Utility.Api", "..\..\Ethik.Utility\Src\Ethik.Utility.Api\Ethik.Utility.Api.csproj", "{DEAB0E62-15C0-4B50-9F00-ACE979FFCE60}"
EndProject
Project("{9A19103F-16F7-4668-BE54-9A1E7A4F7556}") = "Ethik.Utility.Common", "..\..\Ethik.Utility\Src\Ethik.Utility.Common\Ethik.Utility.Common.csproj", "{22B0293F-DE96-46B7-9452-985CD1F60F1E}"
EndProject
Project("{2150E333-8FDC-42A3-9474-1A3956D46DE8}") = "Common", "Common", "{4FC02D31-8EB7-40DF-BD5E-FFDF9E79BBE2}"
EndProject
Project("{9A19103F-16F7-4668-BE54-9A1E7A4F7556}") = "PetBazaar.Shared", "src\Common\PetBazaar.Shared\PetBazaar.Shared.csproj", "{897DBC54-06B5-4CEA-B597-30A6CFBD2BDB}"
EndProject
Project("{2150E333-8FDC-42A3-9474-1A3956D46DE8}") = "InventoryService", "InventoryService", "{009FD7A9-35AE-4E1F-B480-2CF1EFD26B39}"
EndProject
Project("{9A19103F-16F7-4668-BE54-9A1E7A4F7556}") = "InventoryService.Domain", "src\Services\InventoryService\InventoryService.Domain\InventoryService.Domain.csproj", "{E87FAD1C-167E-4E67-902C-B453E25C2C87}"
EndProject
Project("{9A19103F-16F7-4668-BE54-9A1E7A4F7556}") = "InventoryService.Application", "src\Services\InventoryService\InventoryService.Application\InventoryService.Application.csproj", "{01E74F24-EEAE-4CA5-B129-C87AA9C86B2D}"
EndProject
Project("{9A19103F-16F7-4668-BE54-9A1E7A4F7556}") = "InventoryService.Infrastructure", "src\Services\InventoryService\InventoryService.Infrastructure\InventoryService.Infrastructure.csproj", "{BA339A58-8E47-4ADC-914B-B87631A05E4F}"
EndProject
Project("{9A19103F-16F7-4668-BE54-9A1E7A4F7556}") = "InventoryService.Api", "src\Services\InventoryService\InventoryService.Api\InventoryService.Api.csproj", "{F1381DEF-D4E4-48DC-9434-B46213667939}"
EndProject
Project("{FAE04EC0-301F-11D3-BF4B-00C04F79EFBC}") = "Ethik.Utility.CQRS", "..\..\Ethik.Utility\Src\Ethik.Utility.CQRS\Ethik.Utility.CQRS.csproj", "{1CC78263-E773-C2D2-FF3A-40F6D0E5D1D4}"
EndProject
Global
	GlobalSection(SolutionConfigurationPlatforms) = preSolution
		Debug|Any CPU = Debug|Any CPU
		Release|Any CPU = Release|Any CPU
	EndGlobalSection
	GlobalSection(ProjectConfigurationPlatforms) = postSolution
		{F1939AA2-77D0-483D-AEC4-123E31089659}.Debug|Any CPU.ActiveCfg = Debug|Any CPU
		{F1939AA2-77D0-483D-AEC4-123E31089659}.Debug|Any CPU.Build.0 = Debug|Any CPU
		{F1939AA2-77D0-483D-AEC4-123E31089659}.Release|Any CPU.ActiveCfg = Release|Any CPU
		{F1939AA2-77D0-483D-AEC4-123E31089659}.Release|Any CPU.Build.0 = Release|Any CPU
		{3DD01F02-757C-46E0-AABF-A47778F885E4}.Debug|Any CPU.ActiveCfg = Debug|Any CPU
		{3DD01F02-757C-46E0-AABF-A47778F885E4}.Debug|Any CPU.Build.0 = Debug|Any CPU
		{3DD01F02-757C-46E0-AABF-A47778F885E4}.Release|Any CPU.ActiveCfg = Release|Any CPU
		{3DD01F02-757C-46E0-AABF-A47778F885E4}.Release|Any CPU.Build.0 = Release|Any CPU
		{8D9AEAFB-677C-4E20-AAAD-4E12A68C1F4C}.Debug|Any CPU.ActiveCfg = Debug|Any CPU
		{8D9AEAFB-677C-4E20-AAAD-4E12A68C1F4C}.Debug|Any CPU.Build.0 = Debug|Any CPU
		{8D9AEAFB-677C-4E20-AAAD-4E12A68C1F4C}.Release|Any CPU.ActiveCfg = Release|Any CPU
		{8D9AEAFB-677C-4E20-AAAD-4E12A68C1F4C}.Release|Any CPU.Build.0 = Release|Any CPU
		{45EB9A1C-22DC-4457-B8EF-EC71F8D94CF7}.Debug|Any CPU.ActiveCfg = Debug|Any CPU
		{45EB9A1C-22DC-4457-B8EF-EC71F8D94CF7}.Debug|Any CPU.Build.0 = Debug|Any CPU
		{45EB9A1C-22DC-4457-B8EF-EC71F8D94CF7}.Release|Any CPU.ActiveCfg = Release|Any CPU
		{45EB9A1C-22DC-4457-B8EF-EC71F8D94CF7}.Release|Any CPU.Build.0 = Release|Any CPU
		{5A622BF3-74F4-4AC0-98A4-34F86980D31B}.Debug|Any CPU.ActiveCfg = Debug|Any CPU
		{5A622BF3-74F4-4AC0-98A4-34F86980D31B}.Debug|Any CPU.Build.0 = Debug|Any CPU
		{5A622BF3-74F4-4AC0-98A4-34F86980D31B}.Release|Any CPU.ActiveCfg = Release|Any CPU
		{5A622BF3-74F4-4AC0-98A4-34F86980D31B}.Release|Any CPU.Build.0 = Release|Any CPU
		{DEAB0E62-15C0-4B50-9F00-ACE979FFCE60}.Debug|Any CPU.ActiveCfg = Debug|Any CPU
		{DEAB0E62-15C0-4B50-9F00-ACE979FFCE60}.Debug|Any CPU.Build.0 = Debug|Any CPU
		{DEAB0E62-15C0-4B50-9F00-ACE979FFCE60}.Release|Any CPU.ActiveCfg = Release|Any CPU
		{DEAB0E62-15C0-4B50-9F00-ACE979FFCE60}.Release|Any CPU.Build.0 = Release|Any CPU
		{22B0293F-DE96-46B7-9452-985CD1F60F1E}.Debug|Any CPU.ActiveCfg = Debug|Any CPU
		{22B0293F-DE96-46B7-9452-985CD1F60F1E}.Debug|Any CPU.Build.0 = Debug|Any CPU
		{22B0293F-DE96-46B7-9452-985CD1F60F1E}.Release|Any CPU.ActiveCfg = Release|Any CPU
		{22B0293F-DE96-46B7-9452-985CD1F60F1E}.Release|Any CPU.Build.0 = Release|Any CPU
		{897DBC54-06B5-4CEA-B597-30A6CFBD2BDB}.Debug|Any CPU.ActiveCfg = Debug|Any CPU
		{897DBC54-06B5-4CEA-B597-30A6CFBD2BDB}.Debug|Any CPU.Build.0 = Debug|Any CPU
		{897DBC54-06B5-4CEA-B597-30A6CFBD2BDB}.Release|Any CPU.ActiveCfg = Release|Any CPU
		{897DBC54-06B5-4CEA-B597-30A6CFBD2BDB}.Release|Any CPU.Build.0 = Release|Any CPU
		{E87FAD1C-167E-4E67-902C-B453E25C2C87}.Debug|Any CPU.ActiveCfg = Debug|Any CPU
		{E87FAD1C-167E-4E67-902C-B453E25C2C87}.Debug|Any CPU.Build.0 = Debug|Any CPU
		{E87FAD1C-167E-4E67-902C-B453E25C2C87}.Release|Any CPU.ActiveCfg = Release|Any CPU
		{E87FAD1C-167E-4E67-902C-B453E25C2C87}.Release|Any CPU.Build.0 = Release|Any CPU
		{01E74F24-EEAE-4CA5-B129-C87AA9C86B2D}.Debug|Any CPU.ActiveCfg = Debug|Any CPU
		{01E74F24-EEAE-4CA5-B129-C87AA9C86B2D}.Debug|Any CPU.Build.0 = Debug|Any CPU
		{01E74F24-EEAE-4CA5-B129-C87AA9C86B2D}.Release|Any CPU.ActiveCfg = Release|Any CPU
		{01E74F24-EEAE-4CA5-B129-C87AA9C86B2D}.Release|Any CPU.Build.0 = Release|Any CPU
		{BA339A58-8E47-4ADC-914B-B87631A05E4F}.Debug|Any CPU.ActiveCfg = Debug|Any CPU
		{BA339A58-8E47-4ADC-914B-B87631A05E4F}.Debug|Any CPU.Build.0 = Debug|Any CPU
		{BA339A58-8E47-4ADC-914B-B87631A05E4F}.Release|Any CPU.ActiveCfg = Release|Any CPU
		{BA339A58-8E47-4ADC-914B-B87631A05E4F}.Release|Any CPU.Build.0 = Release|Any CPU
		{F1381DEF-D4E4-48DC-9434-B46213667939}.Debug|Any CPU.ActiveCfg = Debug|Any CPU
		{F1381DEF-D4E4-48DC-9434-B46213667939}.Debug|Any CPU.Build.0 = Debug|Any CPU
		{F1381DEF-D4E4-48DC-9434-B46213667939}.Release|Any CPU.ActiveCfg = Release|Any CPU
		{F1381DEF-D4E4-48DC-9434-B46213667939}.Release|Any CPU.Build.0 = Release|Any CPU
		{424630BB-411B-4BE1-8B34-EF898A6F6999}.Debug|Any CPU.ActiveCfg = Debug|Any CPU
		{424630BB-411B-4BE1-8B34-EF898A6F6999}.Debug|Any CPU.Build.0 = Debug|Any CPU
		{424630BB-411B-4BE1-8B34-EF898A6F6999}.Release|Any CPU.ActiveCfg = Release|Any CPU
		{424630BB-411B-4BE1-8B34-EF898A6F6999}.Release|Any CPU.Build.0 = Release|Any CPU
		{1CC78263-E773-C2D2-FF3A-40F6D0E5D1D4}.Debug|Any CPU.ActiveCfg = Debug|Any CPU
		{1CC78263-E773-C2D2-FF3A-40F6D0E5D1D4}.Debug|Any CPU.Build.0 = Debug|Any CPU
		{1CC78263-E773-C2D2-FF3A-40F6D0E5D1D4}.Release|Any CPU.ActiveCfg = Release|Any CPU
		{1CC78263-E773-C2D2-FF3A-40F6D0E5D1D4}.Release|Any CPU.Build.0 = Release|Any CPU
	EndGlobalSection
	GlobalSection(SolutionProperties) = preSolution
		HideSolutionNode = FALSE
	EndGlobalSection
	GlobalSection(NestedProjects) = preSolution
		{9C5B5F42-692A-4901-8660-9A7B423A1C2B} = {5A6A6077-B308-4178-B68C-71FCE14D9EC2}
		{09768FE6-97D2-4332-849C-D78B9F5B8ACB} = {9C5B5F42-692A-4901-8660-9A7B423A1C2B}
		{F1939AA2-77D0-483D-AEC4-123E31089659} = {09768FE6-97D2-4332-849C-D78B9F5B8ACB}
		{3DD01F02-757C-46E0-AABF-A47778F885E4} = {09768FE6-97D2-4332-849C-D78B9F5B8ACB}
		{8D9AEAFB-677C-4E20-AAAD-4E12A68C1F4C} = {09768FE6-97D2-4332-849C-D78B9F5B8ACB}
		{5A622BF3-74F4-4AC0-98A4-34F86980D31B} = {09768FE6-97D2-4332-849C-D78B9F5B8ACB}
		{4FC02D31-8EB7-40DF-BD5E-FFDF9E79BBE2} = {5A6A6077-B308-4178-B68C-71FCE14D9EC2}
		{897DBC54-06B5-4CEA-B597-30A6CFBD2BDB} = {4FC02D31-8EB7-40DF-BD5E-FFDF9E79BBE2}
		{009FD7A9-35AE-4E1F-B480-2CF1EFD26B39} = {9C5B5F42-692A-4901-8660-9A7B423A1C2B}
		{E87FAD1C-167E-4E67-902C-B453E25C2C87} = {009FD7A9-35AE-4E1F-B480-2CF1EFD26B39}
		{01E74F24-EEAE-4CA5-B129-C87AA9C86B2D} = {009FD7A9-35AE-4E1F-B480-2CF1EFD26B39}
		{BA339A58-8E47-4ADC-914B-B87631A05E4F} = {009FD7A9-35AE-4E1F-B480-2CF1EFD26B39}
		{F1381DEF-D4E4-48DC-9434-B46213667939} = {009FD7A9-35AE-4E1F-B480-2CF1EFD26B39}
	EndGlobalSection
	GlobalSection(ExtensibilityGlobals) = postSolution
		SolutionGuid = {7987AE77-C0D6-4EA2-A6AB-B4C704E20561}
	EndGlobalSection
EndGlobal
